// !$*UTF8*$!
{
	archiveVersion = 1;
	classes = {
	};
	objectVersion = 46;
	objects = {

/* Begin PBXBuildFile section */
		3C04B3A619CDBCB2005FF166 /* HTNPostTableViewController.m in Sources */ = {isa = PBXBuildFile; fileRef = 3C04B3A519CDBCB2005FF166 /* HTNPostTableViewController.m */; };
		3CA5A1D919CDDD7F0007A47B /* HTNTableHeaderView.xib in Resources */ = {isa = PBXBuildFile; fileRef = 3CA5A1D819CDDD7F0007A47B /* HTNTableHeaderView.xib */; };
		3CE6A48219CDC68A0099944A /* HTNPostTableViewCell.xib in Resources */ = {isa = PBXBuildFile; fileRef = 3CE6A48119CDC68A0099944A /* HTNPostTableViewCell.xib */; };
		3CE6A48519CDCA2C0099944A /* HTNPostTableViewCell.m in Sources */ = {isa = PBXBuildFile; fileRef = 3CE6A48419CDCA2C0099944A /* HTNPostTableViewCell.m */; };
		9E76CB6519CD3BFB000E2582 /* htnPost.m in Sources */ = {isa = PBXBuildFile; fileRef = 9E76CB6419CD3BFB000E2582 /* htnPost.m */; };
		9E76CB6819CD3EE5000E2582 /* CoreLocation.framework in Frameworks */ = {isa = PBXBuildFile; fileRef = 9E76CB6719CD3EE5000E2582 /* CoreLocation.framework */; };
		9E76CB6B19CD43D9000E2582 /* htnUser.m in Sources */ = {isa = PBXBuildFile; fileRef = 9E76CB6A19CD43D9000E2582 /* htnUser.m */; };
		9E76CB7119CDB2BC000E2582 /* WelcomeViewController.m in Sources */ = {isa = PBXBuildFile; fileRef = 9E76CB7019CDB2BC000E2582 /* WelcomeViewController.m */; };
		9E76CB7519CDB37A000E2582 /* WelcomeView.m in Sources */ = {isa = PBXBuildFile; fileRef = 9E76CB7419CDB37A000E2582 /* WelcomeView.m */; };
		9E76CB7819CDBA51000E2582 /* htnHttpClient.m in Sources */ = {isa = PBXBuildFile; fileRef = 9E76CB7719CDBA51000E2582 /* htnHttpClient.m */; };
		9EAA37A219CCF14300931ADD /* main.m in Sources */ = {isa = PBXBuildFile; fileRef = 9EAA37A119CCF14300931ADD /* main.m */; };
		9EAA37A519CCF14300931ADD /* AppDelegate.m in Sources */ = {isa = PBXBuildFile; fileRef = 9EAA37A419CCF14300931ADD /* AppDelegate.m */; };
		9EAA37AD19CCF14300931ADD /* Images.xcassets in Resources */ = {isa = PBXBuildFile; fileRef = 9EAA37AC19CCF14300931ADD /* Images.xcassets */; };
		9EAA37B019CCF14300931ADD /* LaunchScreen.xib in Resources */ = {isa = PBXBuildFile; fileRef = 9EAA37AE19CCF14300931ADD /* LaunchScreen.xib */; };
		9EAA37BC19CCF14300931ADD /* htn_iosTests.m in Sources */ = {isa = PBXBuildFile; fileRef = 9EAA37BB19CCF14300931ADD /* htn_iosTests.m */; };
		D3740E05A76045859A958909 /* libPods.a in Frameworks */ = {isa = PBXBuildFile; fileRef = 929CF79FC3AE4B03B11C10EF /* libPods.a */; };
/* End PBXBuildFile section */

/* Begin PBXContainerItemProxy section */
		9EAA37B619CCF14300931ADD /* PBXContainerItemProxy */ = {
			isa = PBXContainerItemProxy;
			containerPortal = 9EAA379419CCF14300931ADD /* Project object */;
			proxyType = 1;
			remoteGlobalIDString = 9EAA379B19CCF14300931ADD;
			remoteInfo = "htn-ios";
		};
/* End PBXContainerItemProxy section */

/* Begin PBXFileReference section */
		3C04B3A419CDBCB2005FF166 /* HTNPostTableViewController.h */ = {isa = PBXFileReference; fileEncoding = 4; lastKnownFileType = sourcecode.c.h; path = HTNPostTableViewController.h; sourceTree = "<group>"; };
		3C04B3A519CDBCB2005FF166 /* HTNPostTableViewController.m */ = {isa = PBXFileReference; fileEncoding = 4; lastKnownFileType = sourcecode.c.objc; path = HTNPostTableViewController.m; sourceTree = "<group>"; };
		3CA5A1D819CDDD7F0007A47B /* HTNTableHeaderView.xib */ = {isa = PBXFileReference; fileEncoding = 4; lastKnownFileType = file.xib; path = HTNTableHeaderView.xib; sourceTree = "<group>"; };
		3CE6A48119CDC68A0099944A /* HTNPostTableViewCell.xib */ = {isa = PBXFileReference; fileEncoding = 4; lastKnownFileType = file.xib; path = HTNPostTableViewCell.xib; sourceTree = "<group>"; };
		3CE6A48319CDCA2C0099944A /* HTNPostTableViewCell.h */ = {isa = PBXFileReference; fileEncoding = 4; lastKnownFileType = sourcecode.c.h; path = HTNPostTableViewCell.h; sourceTree = "<group>"; };
		3CE6A48419CDCA2C0099944A /* HTNPostTableViewCell.m */ = {isa = PBXFileReference; fileEncoding = 4; lastKnownFileType = sourcecode.c.objc; path = HTNPostTableViewCell.m; sourceTree = "<group>"; };
		6B1779842BB2432F9AEBA849 /* Pods.xcconfig */ = {isa = PBXFileReference; includeInIndex = 1; lastKnownFileType = text.xcconfig; name = Pods.xcconfig; path = Pods/Pods.xcconfig; sourceTree = "<group>"; };
		929CF79FC3AE4B03B11C10EF /* libPods.a */ = {isa = PBXFileReference; explicitFileType = archive.ar; includeInIndex = 0; path = libPods.a; sourceTree = BUILT_PRODUCTS_DIR; };
		9E76CB6319CD3BFB000E2582 /* htnPost.h */ = {isa = PBXFileReference; fileEncoding = 4; lastKnownFileType = sourcecode.c.h; name = htnPost.h; path = Models/htnPost.h; sourceTree = "<group>"; };
		9E76CB6419CD3BFB000E2582 /* htnPost.m */ = {isa = PBXFileReference; fileEncoding = 4; lastKnownFileType = sourcecode.c.objc; name = htnPost.m; path = Models/htnPost.m; sourceTree = "<group>"; };
		9E76CB6719CD3EE5000E2582 /* CoreLocation.framework */ = {isa = PBXFileReference; lastKnownFileType = wrapper.framework; name = CoreLocation.framework; path = System/Library/Frameworks/CoreLocation.framework; sourceTree = SDKROOT; };
		9E76CB6919CD43D9000E2582 /* htnUser.h */ = {isa = PBXFileReference; fileEncoding = 4; lastKnownFileType = sourcecode.c.h; name = htnUser.h; path = Models/htnUser.h; sourceTree = "<group>"; };
		9E76CB6A19CD43D9000E2582 /* htnUser.m */ = {isa = PBXFileReference; fileEncoding = 4; lastKnownFileType = sourcecode.c.objc; name = htnUser.m; path = Models/htnUser.m; sourceTree = "<group>"; };
		9E76CB6F19CDB2BC000E2582 /* WelcomeViewController.h */ = {isa = PBXFileReference; fileEncoding = 4; lastKnownFileType = sourcecode.c.h; name = WelcomeViewController.h; path = "Signin:Signup/WelcomeViewController.h"; sourceTree = "<group>"; };
		9E76CB7019CDB2BC000E2582 /* WelcomeViewController.m */ = {isa = PBXFileReference; fileEncoding = 4; lastKnownFileType = sourcecode.c.objc; name = WelcomeViewController.m; path = "Signin:Signup/WelcomeViewController.m"; sourceTree = "<group>"; };
		9E76CB7319CDB37A000E2582 /* WelcomeView.h */ = {isa = PBXFileReference; fileEncoding = 4; lastKnownFileType = sourcecode.c.h; name = WelcomeView.h; path = "Signin:Signup/WelcomeView.h"; sourceTree = "<group>"; };
		9E76CB7419CDB37A000E2582 /* WelcomeView.m */ = {isa = PBXFileReference; fileEncoding = 4; lastKnownFileType = sourcecode.c.objc; name = WelcomeView.m; path = "Signin:Signup/WelcomeView.m"; sourceTree = "<group>"; };
		9E76CB7619CDBA51000E2582 /* htnHttpClient.h */ = {isa = PBXFileReference; fileEncoding = 4; lastKnownFileType = sourcecode.c.h; name = htnHttpClient.h; path = "HTTP Client/htnHttpClient.h"; sourceTree = "<group>"; };
		9E76CB7719CDBA51000E2582 /* htnHttpClient.m */ = {isa = PBXFileReference; fileEncoding = 4; lastKnownFileType = sourcecode.c.objc; name = htnHttpClient.m; path = "HTTP Client/htnHttpClient.m"; sourceTree = "<group>"; };
		9EAA379C19CCF14300931ADD /* htn-ios.app */ = {isa = PBXFileReference; explicitFileType = wrapper.application; includeInIndex = 0; path = "htn-ios.app"; sourceTree = BUILT_PRODUCTS_DIR; };
		9EAA37A019CCF14300931ADD /* Info.plist */ = {isa = PBXFileReference; lastKnownFileType = text.plist.xml; path = Info.plist; sourceTree = "<group>"; };
		9EAA37A119CCF14300931ADD /* main.m */ = {isa = PBXFileReference; lastKnownFileType = sourcecode.c.objc; path = main.m; sourceTree = "<group>"; };
		9EAA37A319CCF14300931ADD /* AppDelegate.h */ = {isa = PBXFileReference; lastKnownFileType = sourcecode.c.h; path = AppDelegate.h; sourceTree = "<group>"; };
		9EAA37A419CCF14300931ADD /* AppDelegate.m */ = {isa = PBXFileReference; lastKnownFileType = sourcecode.c.objc; path = AppDelegate.m; sourceTree = "<group>"; };
		9EAA37AC19CCF14300931ADD /* Images.xcassets */ = {isa = PBXFileReference; lastKnownFileType = folder.assetcatalog; path = Images.xcassets; sourceTree = "<group>"; };
		9EAA37AF19CCF14300931ADD /* Base */ = {isa = PBXFileReference; lastKnownFileType = file.xib; name = Base; path = Base.lproj/LaunchScreen.xib; sourceTree = "<group>"; };
		9EAA37B519CCF14300931ADD /* htn-iosTests.xctest */ = {isa = PBXFileReference; explicitFileType = wrapper.cfbundle; includeInIndex = 0; path = "htn-iosTests.xctest"; sourceTree = BUILT_PRODUCTS_DIR; };
		9EAA37BA19CCF14300931ADD /* Info.plist */ = {isa = PBXFileReference; lastKnownFileType = text.plist.xml; path = Info.plist; sourceTree = "<group>"; };
		9EAA37BB19CCF14300931ADD /* htn_iosTests.m */ = {isa = PBXFileReference; lastKnownFileType = sourcecode.c.objc; path = htn_iosTests.m; sourceTree = "<group>"; };
/* End PBXFileReference section */

/* Begin PBXFrameworksBuildPhase section */
		9EAA379919CCF14300931ADD /* Frameworks */ = {
			isa = PBXFrameworksBuildPhase;
			buildActionMask = 2147483647;
			files = (
				9E76CB6819CD3EE5000E2582 /* CoreLocation.framework in Frameworks */,
				D3740E05A76045859A958909 /* libPods.a in Frameworks */,
			);
			runOnlyForDeploymentPostprocessing = 0;
		};
		9EAA37B219CCF14300931ADD /* Frameworks */ = {
			isa = PBXFrameworksBuildPhase;
			buildActionMask = 2147483647;
			files = (
			);
			runOnlyForDeploymentPostprocessing = 0;
		};
/* End PBXFrameworksBuildPhase section */

/* Begin PBXGroup section */
		3CA5A1DA19CDE72E0007A47B /* TableView */ = {
			isa = PBXGroup;
			children = (
				3C04B3A419CDBCB2005FF166 /* HTNPostTableViewController.h */,
				3C04B3A519CDBCB2005FF166 /* HTNPostTableViewController.m */,
				3CE6A48319CDCA2C0099944A /* HTNPostTableViewCell.h */,
				3CE6A48419CDCA2C0099944A /* HTNPostTableViewCell.m */,
				3CE6A48119CDC68A0099944A /* HTNPostTableViewCell.xib */,
				3CA5A1D819CDDD7F0007A47B /* HTNTableHeaderView.xib */,
			);
			name = TableView;
			sourceTree = "<group>";
		};
		97745D5450A54E31B642284C /* Frameworks */ = {
			isa = PBXGroup;
			children = (
				9E76CB6719CD3EE5000E2582 /* CoreLocation.framework */,
				929CF79FC3AE4B03B11C10EF /* libPods.a */,
			);
			name = Frameworks;
			sourceTree = "<group>";
		};
		9E76CB6619CD3C00000E2582 /* Models */ = {
			isa = PBXGroup;
			children = (
				9E76CB6319CD3BFB000E2582 /* htnPost.h */,
				9E76CB6419CD3BFB000E2582 /* htnPost.m */,
				9E76CB6919CD43D9000E2582 /* htnUser.h */,
				9E76CB6A19CD43D9000E2582 /* htnUser.m */,
			);
			name = Models;
			sourceTree = "<group>";
		};
		9E76CB7219CDB2C1000E2582 /* SignIn/SignUp */ = {
			isa = PBXGroup;
			children = (
				9E76CB6F19CDB2BC000E2582 /* WelcomeViewController.h */,
				9E76CB7019CDB2BC000E2582 /* WelcomeViewController.m */,
				9E76CB7319CDB37A000E2582 /* WelcomeView.h */,
				9E76CB7419CDB37A000E2582 /* WelcomeView.m */,
			);
			name = SignIn/SignUp;
			sourceTree = "<group>";
		};
		9E76CB7919CDBA55000E2582 /* HTTPClient */ = {
			isa = PBXGroup;
			children = (
				9E76CB7619CDBA51000E2582 /* htnHttpClient.h */,
				9E76CB7719CDBA51000E2582 /* htnHttpClient.m */,
			);
			name = HTTPClient;
			sourceTree = "<group>";
		};
		9EAA379319CCF14300931ADD = {
			isa = PBXGroup;
			children = (
				9EAA379E19CCF14300931ADD /* htn-ios */,
				9EAA37B819CCF14300931ADD /* htn-iosTests */,
				9EAA379D19CCF14300931ADD /* Products */,
				6B1779842BB2432F9AEBA849 /* Pods.xcconfig */,
				97745D5450A54E31B642284C /* Frameworks */,
			);
			sourceTree = "<group>";
		};
		9EAA379D19CCF14300931ADD /* Products */ = {
			isa = PBXGroup;
			children = (
				9EAA379C19CCF14300931ADD /* htn-ios.app */,
				9EAA37B519CCF14300931ADD /* htn-iosTests.xctest */,
			);
			name = Products;
			sourceTree = "<group>";
		};
		9EAA379E19CCF14300931ADD /* htn-ios */ = {
			isa = PBXGroup;
			children = (
				9E76CB6619CD3C00000E2582 /* Models */,
				9EAA37A319CCF14300931ADD /* AppDelegate.h */,
				9EAA37A419CCF14300931ADD /* AppDelegate.m */,
				9EAA37AC19CCF14300931ADD /* Images.xcassets */,
				9EAA37AE19CCF14300931ADD /* LaunchScreen.xib */,
				3CA5A1DA19CDE72E0007A47B /* TableView */,
				9E76CB7219CDB2C1000E2582 /* SignIn/SignUp */,
				9EAA379F19CCF14300931ADD /* Supporting Files */,
				9E76CB7919CDBA55000E2582 /* HTTPClient */,
			);
			path = "htn-ios";
			sourceTree = "<group>";
		};
		9EAA379F19CCF14300931ADD /* Supporting Files */ = {
			isa = PBXGroup;
			children = (
				9EAA37A019CCF14300931ADD /* Info.plist */,
				9EAA37A119CCF14300931ADD /* main.m */,
			);
			name = "Supporting Files";
			sourceTree = "<group>";
		};
		9EAA37B819CCF14300931ADD /* htn-iosTests */ = {
			isa = PBXGroup;
			children = (
				9EAA37BB19CCF14300931ADD /* htn_iosTests.m */,
				9EAA37B919CCF14300931ADD /* Supporting Files */,
			);
			path = "htn-iosTests";
			sourceTree = "<group>";
		};
		9EAA37B919CCF14300931ADD /* Supporting Files */ = {
			isa = PBXGroup;
			children = (
				9EAA37BA19CCF14300931ADD /* Info.plist */,
			);
			name = "Supporting Files";
			sourceTree = "<group>";
		};
/* End PBXGroup section */

/* Begin PBXNativeTarget section */
		9EAA379B19CCF14300931ADD /* htn-ios */ = {
			isa = PBXNativeTarget;
			buildConfigurationList = 9EAA37BF19CCF14300931ADD /* Build configuration list for PBXNativeTarget "htn-ios" */;
			buildPhases = (
				A97859D6C43341FA96DAA297 /* Check Pods Manifest.lock */,
				9EAA379819CCF14300931ADD /* Sources */,
				9EAA379919CCF14300931ADD /* Frameworks */,
				9EAA379A19CCF14300931ADD /* Resources */,
				FA1EB630EB0F48EBACD4284E /* Copy Pods Resources */,
			);
			buildRules = (
			);
			dependencies = (
			);
			name = "htn-ios";
			productName = "htn-ios";
			productReference = 9EAA379C19CCF14300931ADD /* htn-ios.app */;
			productType = "com.apple.product-type.application";
		};
		9EAA37B419CCF14300931ADD /* htn-iosTests */ = {
			isa = PBXNativeTarget;
			buildConfigurationList = 9EAA37C219CCF14300931ADD /* Build configuration list for PBXNativeTarget "htn-iosTests" */;
			buildPhases = (
				9EAA37B119CCF14300931ADD /* Sources */,
				9EAA37B219CCF14300931ADD /* Frameworks */,
				9EAA37B319CCF14300931ADD /* Resources */,
			);
			buildRules = (
			);
			dependencies = (
				9EAA37B719CCF14300931ADD /* PBXTargetDependency */,
			);
			name = "htn-iosTests";
			productName = "htn-iosTests";
			productReference = 9EAA37B519CCF14300931ADD /* htn-iosTests.xctest */;
			productType = "com.apple.product-type.bundle.unit-test";
		};
/* End PBXNativeTarget section */

/* Begin PBXProject section */
		9EAA379419CCF14300931ADD /* Project object */ = {
			isa = PBXProject;
			attributes = {
				LastUpgradeCheck = 0600;
				ORGANIZATIONNAME = "Karan Thukral";
				TargetAttributes = {
					9EAA379B19CCF14300931ADD = {
						CreatedOnToolsVersion = 6.0.1;
					};
					9EAA37B419CCF14300931ADD = {
						CreatedOnToolsVersion = 6.0.1;
						TestTargetID = 9EAA379B19CCF14300931ADD;
					};
				};
			};
			buildConfigurationList = 9EAA379719CCF14300931ADD /* Build configuration list for PBXProject "htn-ios" */;
			compatibilityVersion = "Xcode 3.2";
			developmentRegion = English;
			hasScannedForEncodings = 0;
			knownRegions = (
				en,
				Base,
			);
			mainGroup = 9EAA379319CCF14300931ADD;
			productRefGroup = 9EAA379D19CCF14300931ADD /* Products */;
			projectDirPath = "";
			projectRoot = "";
			targets = (
				9EAA379B19CCF14300931ADD /* htn-ios */,
				9EAA37B419CCF14300931ADD /* htn-iosTests */,
			);
		};
/* End PBXProject section */

/* Begin PBXResourcesBuildPhase section */
		9EAA379A19CCF14300931ADD /* Resources */ = {
			isa = PBXResourcesBuildPhase;
			buildActionMask = 2147483647;
			files = (
				9EAA37B019CCF14300931ADD /* LaunchScreen.xib in Resources */,
				3CA5A1D919CDDD7F0007A47B /* HTNTableHeaderView.xib in Resources */,
				3CE6A48219CDC68A0099944A /* HTNPostTableViewCell.xib in Resources */,
				9EAA37AD19CCF14300931ADD /* Images.xcassets in Resources */,
			);
			runOnlyForDeploymentPostprocessing = 0;
		};
		9EAA37B319CCF14300931ADD /* Resources */ = {
			isa = PBXResourcesBuildPhase;
			buildActionMask = 2147483647;
			files = (
			);
			runOnlyForDeploymentPostprocessing = 0;
		};
/* End PBXResourcesBuildPhase section */

/* Begin PBXShellScriptBuildPhase section */
		A97859D6C43341FA96DAA297 /* Check Pods Manifest.lock */ = {
			isa = PBXShellScriptBuildPhase;
			buildActionMask = 2147483647;
			files = (
			);
			inputPaths = (
			);
			name = "Check Pods Manifest.lock";
			outputPaths = (
			);
			runOnlyForDeploymentPostprocessing = 0;
			shellPath = /bin/sh;
			shellScript = "diff \"${PODS_ROOT}/../Podfile.lock\" \"${PODS_ROOT}/Manifest.lock\" > /dev/null\nif [[ $? != 0 ]] ; then\n    cat << EOM\nerror: The sandbox is not in sync with the Podfile.lock. Run 'pod install' or update your CocoaPods installation.\nEOM\n    exit 1\nfi\n";
			showEnvVarsInLog = 0;
		};
		FA1EB630EB0F48EBACD4284E /* Copy Pods Resources */ = {
			isa = PBXShellScriptBuildPhase;
			buildActionMask = 2147483647;
			files = (
			);
			inputPaths = (
			);
			name = "Copy Pods Resources";
			outputPaths = (
			);
			runOnlyForDeploymentPostprocessing = 0;
			shellPath = /bin/sh;
			shellScript = "\"${SRCROOT}/Pods/Pods-resources.sh\"\n";
			showEnvVarsInLog = 0;
		};
/* End PBXShellScriptBuildPhase section */

/* Begin PBXSourcesBuildPhase section */
		9EAA379819CCF14300931ADD /* Sources */ = {
			isa = PBXSourcesBuildPhase;
			buildActionMask = 2147483647;
			files = (
				3C04B3A619CDBCB2005FF166 /* HTNPostTableViewController.m in Sources */,
				9E76CB6519CD3BFB000E2582 /* htnPost.m in Sources */,
				9E76CB7819CDBA51000E2582 /* htnHttpClient.m in Sources */,
				9E76CB6B19CD43D9000E2582 /* htnUser.m in Sources */,
				9EAA37A519CCF14300931ADD /* AppDelegate.m in Sources */,
				3CE6A48519CDCA2C0099944A /* HTNPostTableViewCell.m in Sources */,
				9E76CB7519CDB37A000E2582 /* WelcomeView.m in Sources */,
				9E76CB7119CDB2BC000E2582 /* WelcomeViewController.m in Sources */,
				9EAA37A219CCF14300931ADD /* main.m in Sources */,
			);
			runOnlyForDeploymentPostprocessing = 0;
		};
		9EAA37B119CCF14300931ADD /* Sources */ = {
			isa = PBXSourcesBuildPhase;
			buildActionMask = 2147483647;
			files = (
				9EAA37BC19CCF14300931ADD /* htn_iosTests.m in Sources */,
			);
			runOnlyForDeploymentPostprocessing = 0;
		};
/* End PBXSourcesBuildPhase section */

/* Begin PBXTargetDependency section */
		9EAA37B719CCF14300931ADD /* PBXTargetDependency */ = {
			isa = PBXTargetDependency;
			target = 9EAA379B19CCF14300931ADD /* htn-ios */;
			targetProxy = 9EAA37B619CCF14300931ADD /* PBXContainerItemProxy */;
		};
/* End PBXTargetDependency section */

/* Begin PBXVariantGroup section */
		9EAA37AE19CCF14300931ADD /* LaunchScreen.xib */ = {
			isa = PBXVariantGroup;
			children = (
				9EAA37AF19CCF14300931ADD /* Base */,
			);
			name = LaunchScreen.xib;
			sourceTree = "<group>";
		};
/* End PBXVariantGroup section */

/* Begin XCBuildConfiguration section */
		9EAA37BD19CCF14300931ADD /* Debug */ = {
			isa = XCBuildConfiguration;
			buildSettings = {
				ALWAYS_SEARCH_USER_PATHS = NO;
				CLANG_CXX_LANGUAGE_STANDARD = "gnu++0x";
				CLANG_CXX_LIBRARY = "libc++";
				CLANG_ENABLE_MODULES = YES;
				CLANG_ENABLE_OBJC_ARC = YES;
				CLANG_WARN_BOOL_CONVERSION = YES;
				CLANG_WARN_CONSTANT_CONVERSION = YES;
				CLANG_WARN_DIRECT_OBJC_ISA_USAGE = YES_ERROR;
				CLANG_WARN_EMPTY_BODY = YES;
				CLANG_WARN_ENUM_CONVERSION = YES;
				CLANG_WARN_INT_CONVERSION = YES;
				CLANG_WARN_OBJC_ROOT_CLASS = YES_ERROR;
				CLANG_WARN_UNREACHABLE_CODE = YES;
				CLANG_WARN__DUPLICATE_METHOD_MATCH = YES;
				"CODE_SIGN_IDENTITY[sdk=iphoneos*]" = "iPhone Developer";
				COPY_PHASE_STRIP = NO;
				ENABLE_STRICT_OBJC_MSGSEND = YES;
				GCC_C_LANGUAGE_STANDARD = gnu99;
				GCC_DYNAMIC_NO_PIC = NO;
				GCC_OPTIMIZATION_LEVEL = 0;
				GCC_PREPROCESSOR_DEFINITIONS = (
					"DEBUG=1",
					"$(inherited)",
				);
				GCC_SYMBOLS_PRIVATE_EXTERN = NO;
				GCC_WARN_64_TO_32_BIT_CONVERSION = YES;
				GCC_WARN_ABOUT_RETURN_TYPE = YES_ERROR;
				GCC_WARN_UNDECLARED_SELECTOR = YES;
				GCC_WARN_UNINITIALIZED_AUTOS = YES_AGGRESSIVE;
				GCC_WARN_UNUSED_FUNCTION = YES;
				GCC_WARN_UNUSED_VARIABLE = YES;
				IPHONEOS_DEPLOYMENT_TARGET = 8.0;
				MTL_ENABLE_DEBUG_INFO = YES;
				ONLY_ACTIVE_ARCH = YES;
				SDKROOT = iphoneos;
			};
			name = Debug;
		};
		9EAA37BE19CCF14300931ADD /* Release */ = {
			isa = XCBuildConfiguration;
			buildSettings = {
				ALWAYS_SEARCH_USER_PATHS = NO;
				CLANG_CXX_LANGUAGE_STANDARD = "gnu++0x";
				CLANG_CXX_LIBRARY = "libc++";
				CLANG_ENABLE_MODULES = YES;
				CLANG_ENABLE_OBJC_ARC = YES;
				CLANG_WARN_BOOL_CONVERSION = YES;
				CLANG_WARN_CONSTANT_CONVERSION = YES;
				CLANG_WARN_DIRECT_OBJC_ISA_USAGE = YES_ERROR;
				CLANG_WARN_EMPTY_BODY = YES;
				CLANG_WARN_ENUM_CONVERSION = YES;
				CLANG_WARN_INT_CONVERSION = YES;
				CLANG_WARN_OBJC_ROOT_CLASS = YES_ERROR;
				CLANG_WARN_UNREACHABLE_CODE = YES;
				CLANG_WARN__DUPLICATE_METHOD_MATCH = YES;
				"CODE_SIGN_IDENTITY[sdk=iphoneos*]" = "iPhone Developer";
				COPY_PHASE_STRIP = YES;
				ENABLE_NS_ASSERTIONS = NO;
				ENABLE_STRICT_OBJC_MSGSEND = YES;
				GCC_C_LANGUAGE_STANDARD = gnu99;
				GCC_WARN_64_TO_32_BIT_CONVERSION = YES;
				GCC_WARN_ABOUT_RETURN_TYPE = YES_ERROR;
				GCC_WARN_UNDECLARED_SELECTOR = YES;
				GCC_WARN_UNINITIALIZED_AUTOS = YES_AGGRESSIVE;
				GCC_WARN_UNUSED_FUNCTION = YES;
				GCC_WARN_UNUSED_VARIABLE = YES;
				IPHONEOS_DEPLOYMENT_TARGET = 8.0;
				MTL_ENABLE_DEBUG_INFO = NO;
				SDKROOT = iphoneos;
				VALIDATE_PRODUCT = YES;
			};
			name = Release;
		};
		9EAA37C019CCF14300931ADD /* Debug */ = {
			isa = XCBuildConfiguration;
			baseConfigurationReference = 6B1779842BB2432F9AEBA849 /* Pods.xcconfig */;
			buildSettings = {
				ASSETCATALOG_COMPILER_APPICON_NAME = AppIcon;
				INFOPLIST_FILE = "htn-ios/Info.plist";
				LD_RUNPATH_SEARCH_PATHS = "$(inherited) @executable_path/Frameworks";
				PRODUCT_NAME = "$(TARGET_NAME)";
			};
			name = Debug;
		};
		9EAA37C119CCF14300931ADD /* Release */ = {
			isa = XCBuildConfiguration;
			baseConfigurationReference = 6B1779842BB2432F9AEBA849 /* Pods.xcconfig */;
			buildSettings = {
				ASSETCATALOG_COMPILER_APPICON_NAME = AppIcon;
				INFOPLIST_FILE = "htn-ios/Info.plist";
				LD_RUNPATH_SEARCH_PATHS = "$(inherited) @executable_path/Frameworks";
				PRODUCT_NAME = "$(TARGET_NAME)";
			};
			name = Release;
		};
		9EAA37C319CCF14300931ADD /* Debug */ = {
			isa = XCBuildConfiguration;
			buildSettings = {
				BUNDLE_LOADER = "$(TEST_HOST)";
				FRAMEWORK_SEARCH_PATHS = (
					"$(SDKROOT)/Developer/Library/Frameworks",
					"$(inherited)",
				);
				GCC_PREPROCESSOR_DEFINITIONS = (
					"DEBUG=1",
					"$(inherited)",
				);
				INFOPLIST_FILE = "htn-iosTests/Info.plist";
				LD_RUNPATH_SEARCH_PATHS = "$(inherited) @executable_path/Frameworks @loader_path/Frameworks";
				PRODUCT_NAME = "$(TARGET_NAME)";
				TEST_HOST = "$(BUILT_PRODUCTS_DIR)/htn-ios.app/htn-ios";
			};
			name = Debug;
		};
		9EAA37C419CCF14300931ADD /* Release */ = {
			isa = XCBuildConfiguration;
			buildSettings = {
				BUNDLE_LOADER = "$(TEST_HOST)";
				FRAMEWORK_SEARCH_PATHS = (
					"$(SDKROOT)/Developer/Library/Frameworks",
					"$(inherited)",
				);
				INFOPLIST_FILE = "htn-iosTests/Info.plist";
				LD_RUNPATH_SEARCH_PATHS = "$(inherited) @executable_path/Frameworks @loader_path/Frameworks";
				PRODUCT_NAME = "$(TARGET_NAME)";
				TEST_HOST = "$(BUILT_PRODUCTS_DIR)/htn-ios.app/htn-ios";
			};
			name = Release;
		};
/* End XCBuildConfiguration section */

/* Begin XCConfigurationList section */
		9EAA379719CCF14300931ADD /* Build configuration list for PBXProject "htn-ios" */ = {
			isa = XCConfigurationList;
			buildConfigurations = (
				9EAA37BD19CCF14300931ADD /* Debug */,
				9EAA37BE19CCF14300931ADD /* Release */,
			);
			defaultConfigurationIsVisible = 0;
			defaultConfigurationName = Release;
		};
		9EAA37BF19CCF14300931ADD /* Build configuration list for PBXNativeTarget "htn-ios" */ = {
			isa = XCConfigurationList;
			buildConfigurations = (
				9EAA37C019CCF14300931ADD /* Debug */,
				9EAA37C119CCF14300931ADD /* Release */,
			);
			defaultConfigurationIsVisible = 0;
			defaultConfigurationName = Release;
		};
		9EAA37C219CCF14300931ADD /* Build configuration list for PBXNativeTarget "htn-iosTests" */ = {
			isa = XCConfigurationList;
			buildConfigurations = (
				9EAA37C319CCF14300931ADD /* Debug */,
				9EAA37C419CCF14300931ADD /* Release */,
			);
			defaultConfigurationIsVisible = 0;
			defaultConfigurationName = Release;
		};
/* End XCConfigurationList section */
	};
	rootObject = 9EAA379419CCF14300931ADD /* Project object */;
}
